
Microsoft Visual Studio Solution File, Format Version 12.00
# Visual Studio Version 16
VisualStudioVersion = 25.0.1700.6
MinimumVisualStudioVersion = 10.0.40219.1
Project("{2150E333-8FDC-42A3-9474-1A3956D46DE8}") = "FrontEnd", "FrontEnd", "{F9C84199-C801-4C3C-A355-F8F8A842E90E}"
EndProject
Project("{FAE04EC0-301F-11D3-BF4B-00C04F79EFBC}") = "Mango.Web", "Mango.Web\Mango.Web.csproj", "{DDB2C523-8202-46C8-B82B-2826DCEE58F0}"
EndProject
Project("{2150E333-8FDC-42A3-9474-1A3956D46DE8}") = "Services", "Services", "{28AF47BE-0CA4-4CA5-96E1-3573695B610C}"
EndProject
Project("{FAE04EC0-301F-11D3-BF4B-00C04F79EFBC}") = "Mango.Services.ProductAPI", "Mango.Services.ProductAPI\Mango.Services.ProductAPI.csproj", "{87E81607-B6FE-4E70-BE1E-970216044438}"
EndProject
Project("{FAE04EC0-301F-11D3-BF4B-00C04F79EFBC}") = "Mango.Services.Identity", "Mango.Services.Identity\Mango.Services.Identity.csproj", "{C29951EA-19BE-4E37-9614-8CE29C02387E}"
EndProject
Global
	GlobalSection(SolutionConfigurationPlatforms) = preSolution
		Debug|Any CPU = Debug|Any CPU
		Release|Any CPU = Release|Any CPU
	EndGlobalSection
	GlobalSection(ProjectConfigurationPlatforms) = postSolution
		{DDB2C523-8202-46C8-B82B-2826DCEE58F0}.Debug|Any CPU.ActiveCfg = Debug|Any CPU
		{DDB2C523-8202-46C8-B82B-2826DCEE58F0}.Debug|Any CPU.Build.0 = Debug|Any CPU
		{DDB2C523-8202-46C8-B82B-2826DCEE58F0}.Release|Any CPU.ActiveCfg = Release|Any CPU
		{DDB2C523-8202-46C8-B82B-2826DCEE58F0}.Release|Any CPU.Build.0 = Release|Any CPU
		{87E81607-B6FE-4E70-BE1E-970216044438}.Debug|Any CPU.ActiveCfg = Debug|Any CPU
		{87E81607-B6FE-4E70-BE1E-970216044438}.Debug|Any CPU.Build.0 = Debug|Any CPU
		{87E81607-B6FE-4E70-BE1E-970216044438}.Release|Any CPU.ActiveCfg = Release|Any CPU
		{87E81607-B6FE-4E70-BE1E-970216044438}.Release|Any CPU.Build.0 = Release|Any CPU
		{C29951EA-19BE-4E37-9614-8CE29C02387E}.Debug|Any CPU.ActiveCfg = Debug|Any CPU
		{C29951EA-19BE-4E37-9614-8CE29C02387E}.Debug|Any CPU.Build.0 = Debug|Any CPU
		{C29951EA-19BE-4E37-9614-8CE29C02387E}.Release|Any CPU.ActiveCfg = Release|Any CPU
		{C29951EA-19BE-4E37-9614-8CE29C02387E}.Release|Any CPU.Build.0 = Release|Any CPU
	EndGlobalSection
	GlobalSection(SolutionProperties) = preSolution
		HideSolutionNode = FALSE
	EndGlobalSection
	GlobalSection(ExtensibilityGlobals) = postSolution
		SolutionGuid = {0F280175-27EB-48EF-BB8D-F9928CCBBBF5}
	EndGlobalSection
	GlobalSection(NestedProjects) = preSolution
		{DDB2C523-8202-46C8-B82B-2826DCEE58F0} = {F9C84199-C801-4C3C-A355-F8F8A842E90E}
		{87E81607-B6FE-4E70-BE1E-970216044438} = {28AF47BE-0CA4-4CA5-96E1-3573695B610C}
		{C29951EA-19BE-4E37-9614-8CE29C02387E} = {28AF47BE-0CA4-4CA5-96E1-3573695B610C}
	EndGlobalSection
EndGlobal
