
Microsoft Visual Studio Solution File, Format Version 12.00
# Visual Studio Version 16
VisualStudioVersion = 25.0.1700.6
MinimumVisualStudioVersion = 10.0.40219.1
Project("{2150E333-8FDC-42A3-9474-1A3956D46DE8}") = "FrontEnd", "FrontEnd", "{F9C84199-C801-4C3C-A355-F8F8A842E90E}"
EndProject
Project("{FAE04EC0-301F-11D3-BF4B-00C04F79EFBC}") = "Mango.Web", "Mango.Web\Mango.Web.csproj", "{DDB2C523-8202-46C8-B82B-2826DCEE58F0}"
EndProject
Project("{2150E333-8FDC-42A3-9474-1A3956D46DE8}") = "Services", "Services", "{28AF47BE-0CA4-4CA5-96E1-3573695B610C}"
EndProject
Project("{FAE04EC0-301F-11D3-BF4B-00C04F79EFBC}") = "Mango.Services.ProductAPI", "Mango.Services.ProductAPI\Mango.Services.ProductAPI.csproj", "{87E81607-B6FE-4E70-BE1E-970216044438}"
EndProject
Project("{FAE04EC0-301F-11D3-BF4B-00C04F79EFBC}") = "Mango.Services.Identity", "Mango.Services.Identity\Mango.Services.Identity.csproj", "{C29951EA-19BE-4E37-9614-8CE29C02387E}"
EndProject
Project("{FAE04EC0-301F-11D3-BF4B-00C04F79EFBC}") = "Mango.Services.ShoppingCartAPI", "Mango.Services.ShoppingCartAPI\Mango.Services.ShoppingCartAPI.csproj", "{1BA22F67-3928-4E03-ABB6-17AAF8F77DBF}"
EndProject
Project("{FAE04EC0-301F-11D3-BF4B-00C04F79EFBC}") = "Mango.Services.CouponAPI", "Mango.Services.CouponAPI\Mango.Services.CouponAPI.csproj", "{D1A5DE8C-2FE0-4E9D-848A-ED85300609AD}"
EndProject
Project("{2150E333-8FDC-42A3-9474-1A3956D46DE8}") = "Integration", "Integration", "{6A05C579-ED0B-488F-A8D4-69CB2C14CBEB}"
EndProject
Project("{FAE04EC0-301F-11D3-BF4B-00C04F79EFBC}") = "Mango.MessageBus", "Mango.MessageBus\Mango.MessageBus.csproj", "{78D9C792-1EC5-4F23-9D49-CE18B67F5EBB}"
EndProject
Project("{FAE04EC0-301F-11D3-BF4B-00C04F79EFBC}") = "Mango.Services.OrderAPI", "Mango.Services.OrderAPI\Mango.Services.OrderAPI.csproj", "{770AD0C0-428C-4D43-A028-44416C7C07ED}"
EndProject
Project("{E53339B2-1760-4266-BCC7-CA923CBCF16C}") = "docker-compose", "docker-compose.dcproj", "{2C4FBDC8-8042-4EF5-94BA-FEEFF442B470}"
EndProject
Project("{2150E333-8FDC-42A3-9474-1A3956D46DE8}") = "Payments", "Payments", "{F1F17F33-FB2E-41E4-881A-71E23F3BACB6}"
EndProject
Project("{FAE04EC0-301F-11D3-BF4B-00C04F79EFBC}") = "PaymentProcessor", "..\PaymentProcessor\PaymentProcessor.csproj", "{97C3CD87-8AE7-41D0-8097-86AB8E48D51D}"
EndProject
Project("{FAE04EC0-301F-11D3-BF4B-00C04F79EFBC}") = "Mango.Services.PaymentAPI", "..\Mango.Services.PaymentAPI\Mango.Services.PaymentAPI.csproj", "{26A3CFF0-A3AE-4DBF-B8A9-34BF50059EDF}"
EndProject
Project("{FAE04EC0-301F-11D3-BF4B-00C04F79EFBC}") = "Mango.Services.Email", "..\Mango.Services.Email\Mango.Services.Email.csproj", "{146AB8E1-D452-4F47-BB0A-4AB2032167B2}"
EndProject
Project("{2150E333-8FDC-42A3-9474-1A3956D46DE8}") = "Gateway", "Gateway", "{F9553AD0-0287-4D62-A0A7-B7E60E2316A5}"
EndProject
Project("{FAE04EC0-301F-11D3-BF4B-00C04F79EFBC}") = "Mango.GatewaySolution", "..\Mango.GatewaySolution\Mango.GatewaySolution.csproj", "{30F8A7F0-58BE-450E-AB64-EBC869A25D61}"
EndProject
Project("{FAE04EC0-301F-11D3-BF4B-00C04F79EFBC}") = "Mango.GatewaySolution", "Mango.GatewaySolution\Mango.GatewaySolution.csproj", "{1B4C0132-2F7D-43C9-8334-C8A4BD8DE4CF}"
EndProject
Project("{FAE04EC0-301F-11D3-BF4B-00C04F79EFBC}") = "Mango.Services.Email", "Mango.Services.Email\Mango.Services.Email.csproj", "{5D7FF1EC-5329-455A-B6AD-00CB4E8BBFF3}"
EndProject
Project("{FAE04EC0-301F-11D3-BF4B-00C04F79EFBC}") = "Mango.Services.PaymentAPI", "Mango.Services.PaymentAPI\Mango.Services.PaymentAPI.csproj", "{0B1DFA54-CE63-4B6D-8170-72CD2D421D1B}"
EndProject
Global
	GlobalSection(SolutionConfigurationPlatforms) = preSolution
		Debug|Any CPU = Debug|Any CPU
		Release|Any CPU = Release|Any CPU
	EndGlobalSection
	GlobalSection(ProjectConfigurationPlatforms) = postSolution
		{DDB2C523-8202-46C8-B82B-2826DCEE58F0}.Debug|Any CPU.ActiveCfg = Debug|Any CPU
		{DDB2C523-8202-46C8-B82B-2826DCEE58F0}.Debug|Any CPU.Build.0 = Debug|Any CPU
		{DDB2C523-8202-46C8-B82B-2826DCEE58F0}.Release|Any CPU.ActiveCfg = Release|Any CPU
		{DDB2C523-8202-46C8-B82B-2826DCEE58F0}.Release|Any CPU.Build.0 = Release|Any CPU
		{87E81607-B6FE-4E70-BE1E-970216044438}.Debug|Any CPU.ActiveCfg = Debug|Any CPU
		{87E81607-B6FE-4E70-BE1E-970216044438}.Debug|Any CPU.Build.0 = Debug|Any CPU
		{87E81607-B6FE-4E70-BE1E-970216044438}.Release|Any CPU.ActiveCfg = Release|Any CPU
		{87E81607-B6FE-4E70-BE1E-970216044438}.Release|Any CPU.Build.0 = Release|Any CPU
		{C29951EA-19BE-4E37-9614-8CE29C02387E}.Debug|Any CPU.ActiveCfg = Debug|Any CPU
		{C29951EA-19BE-4E37-9614-8CE29C02387E}.Debug|Any CPU.Build.0 = Debug|Any CPU
		{C29951EA-19BE-4E37-9614-8CE29C02387E}.Release|Any CPU.ActiveCfg = Release|Any CPU
		{C29951EA-19BE-4E37-9614-8CE29C02387E}.Release|Any CPU.Build.0 = Release|Any CPU
		{1BA22F67-3928-4E03-ABB6-17AAF8F77DBF}.Debug|Any CPU.ActiveCfg = Debug|Any CPU
		{1BA22F67-3928-4E03-ABB6-17AAF8F77DBF}.Debug|Any CPU.Build.0 = Debug|Any CPU
		{1BA22F67-3928-4E03-ABB6-17AAF8F77DBF}.Release|Any CPU.ActiveCfg = Release|Any CPU
		{1BA22F67-3928-4E03-ABB6-17AAF8F77DBF}.Release|Any CPU.Build.0 = Release|Any CPU
		{D1A5DE8C-2FE0-4E9D-848A-ED85300609AD}.Debug|Any CPU.ActiveCfg = Debug|Any CPU
		{D1A5DE8C-2FE0-4E9D-848A-ED85300609AD}.Debug|Any CPU.Build.0 = Debug|Any CPU
		{D1A5DE8C-2FE0-4E9D-848A-ED85300609AD}.Release|Any CPU.ActiveCfg = Release|Any CPU
		{D1A5DE8C-2FE0-4E9D-848A-ED85300609AD}.Release|Any CPU.Build.0 = Release|Any CPU
		{78D9C792-1EC5-4F23-9D49-CE18B67F5EBB}.Debug|Any CPU.ActiveCfg = Debug|Any CPU
		{78D9C792-1EC5-4F23-9D49-CE18B67F5EBB}.Debug|Any CPU.Build.0 = Debug|Any CPU
		{78D9C792-1EC5-4F23-9D49-CE18B67F5EBB}.Release|Any CPU.ActiveCfg = Release|Any CPU
		{78D9C792-1EC5-4F23-9D49-CE18B67F5EBB}.Release|Any CPU.Build.0 = Release|Any CPU
		{770AD0C0-428C-4D43-A028-44416C7C07ED}.Debug|Any CPU.ActiveCfg = Debug|Any CPU
		{770AD0C0-428C-4D43-A028-44416C7C07ED}.Debug|Any CPU.Build.0 = Debug|Any CPU
		{770AD0C0-428C-4D43-A028-44416C7C07ED}.Release|Any CPU.ActiveCfg = Release|Any CPU
		{770AD0C0-428C-4D43-A028-44416C7C07ED}.Release|Any CPU.Build.0 = Release|Any CPU
		{2C4FBDC8-8042-4EF5-94BA-FEEFF442B470}.Debug|Any CPU.ActiveCfg = Debug|Any CPU
		{2C4FBDC8-8042-4EF5-94BA-FEEFF442B470}.Debug|Any CPU.Build.0 = Debug|Any CPU
		{2C4FBDC8-8042-4EF5-94BA-FEEFF442B470}.Release|Any CPU.ActiveCfg = Release|Any CPU
		{2C4FBDC8-8042-4EF5-94BA-FEEFF442B470}.Release|Any CPU.Build.0 = Release|Any CPU
		{97C3CD87-8AE7-41D0-8097-86AB8E48D51D}.Debug|Any CPU.ActiveCfg = Debug|Any CPU
		{97C3CD87-8AE7-41D0-8097-86AB8E48D51D}.Debug|Any CPU.Build.0 = Debug|Any CPU
		{97C3CD87-8AE7-41D0-8097-86AB8E48D51D}.Release|Any CPU.ActiveCfg = Release|Any CPU
		{97C3CD87-8AE7-41D0-8097-86AB8E48D51D}.Release|Any CPU.Build.0 = Release|Any CPU
		{26A3CFF0-A3AE-4DBF-B8A9-34BF50059EDF}.Debug|Any CPU.ActiveCfg = Debug|Any CPU
		{26A3CFF0-A3AE-4DBF-B8A9-34BF50059EDF}.Debug|Any CPU.Build.0 = Debug|Any CPU
		{26A3CFF0-A3AE-4DBF-B8A9-34BF50059EDF}.Release|Any CPU.ActiveCfg = Release|Any CPU
		{26A3CFF0-A3AE-4DBF-B8A9-34BF50059EDF}.Release|Any CPU.Build.0 = Release|Any CPU
		{146AB8E1-D452-4F47-BB0A-4AB2032167B2}.Debug|Any CPU.ActiveCfg = Debug|Any CPU
		{146AB8E1-D452-4F47-BB0A-4AB2032167B2}.Debug|Any CPU.Build.0 = Debug|Any CPU
		{146AB8E1-D452-4F47-BB0A-4AB2032167B2}.Release|Any CPU.ActiveCfg = Release|Any CPU
		{146AB8E1-D452-4F47-BB0A-4AB2032167B2}.Release|Any CPU.Build.0 = Release|Any CPU
		{30F8A7F0-58BE-450E-AB64-EBC869A25D61}.Debug|Any CPU.ActiveCfg = Debug|Any CPU
		{30F8A7F0-58BE-450E-AB64-EBC869A25D61}.Debug|Any CPU.Build.0 = Debug|Any CPU
		{30F8A7F0-58BE-450E-AB64-EBC869A25D61}.Release|Any CPU.ActiveCfg = Release|Any CPU
		{30F8A7F0-58BE-450E-AB64-EBC869A25D61}.Release|Any CPU.Build.0 = Release|Any CPU
		{1B4C0132-2F7D-43C9-8334-C8A4BD8DE4CF}.Debug|Any CPU.ActiveCfg = Debug|Any CPU
		{1B4C0132-2F7D-43C9-8334-C8A4BD8DE4CF}.Debug|Any CPU.Build.0 = Debug|Any CPU
		{1B4C0132-2F7D-43C9-8334-C8A4BD8DE4CF}.Release|Any CPU.ActiveCfg = Release|Any CPU
		{1B4C0132-2F7D-43C9-8334-C8A4BD8DE4CF}.Release|Any CPU.Build.0 = Release|Any CPU
		{5D7FF1EC-5329-455A-B6AD-00CB4E8BBFF3}.Debug|Any CPU.ActiveCfg = Debug|Any CPU
		{5D7FF1EC-5329-455A-B6AD-00CB4E8BBFF3}.Debug|Any CPU.Build.0 = Debug|Any CPU
		{5D7FF1EC-5329-455A-B6AD-00CB4E8BBFF3}.Release|Any CPU.ActiveCfg = Release|Any CPU
		{5D7FF1EC-5329-455A-B6AD-00CB4E8BBFF3}.Release|Any CPU.Build.0 = Release|Any CPU
		{0B1DFA54-CE63-4B6D-8170-72CD2D421D1B}.Debug|Any CPU.ActiveCfg = Debug|Any CPU
		{0B1DFA54-CE63-4B6D-8170-72CD2D421D1B}.Debug|Any CPU.Build.0 = Debug|Any CPU
		{0B1DFA54-CE63-4B6D-8170-72CD2D421D1B}.Release|Any CPU.ActiveCfg = Release|Any CPU
		{0B1DFA54-CE63-4B6D-8170-72CD2D421D1B}.Release|Any CPU.Build.0 = Release|Any CPU
	EndGlobalSection
	GlobalSection(SolutionProperties) = preSolution
		HideSolutionNode = FALSE
	EndGlobalSection
	GlobalSection(ExtensibilityGlobals) = postSolution
		SolutionGuid = {0F280175-27EB-48EF-BB8D-F9928CCBBBF5}
	EndGlobalSection
	GlobalSection(NestedProjects) = preSolution
		{DDB2C523-8202-46C8-B82B-2826DCEE58F0} = {F9C84199-C801-4C3C-A355-F8F8A842E90E}
		{87E81607-B6FE-4E70-BE1E-970216044438} = {28AF47BE-0CA4-4CA5-96E1-3573695B610C}
		{C29951EA-19BE-4E37-9614-8CE29C02387E} = {28AF47BE-0CA4-4CA5-96E1-3573695B610C}
		{1BA22F67-3928-4E03-ABB6-17AAF8F77DBF} = {28AF47BE-0CA4-4CA5-96E1-3573695B610C}
		{D1A5DE8C-2FE0-4E9D-848A-ED85300609AD} = {28AF47BE-0CA4-4CA5-96E1-3573695B610C}
		{78D9C792-1EC5-4F23-9D49-CE18B67F5EBB} = {6A05C579-ED0B-488F-A8D4-69CB2C14CBEB}
		{770AD0C0-428C-4D43-A028-44416C7C07ED} = {28AF47BE-0CA4-4CA5-96E1-3573695B610C}
		{97C3CD87-8AE7-41D0-8097-86AB8E48D51D} = {F1F17F33-FB2E-41E4-881A-71E23F3BACB6}
		{26A3CFF0-A3AE-4DBF-B8A9-34BF50059EDF} = {28AF47BE-0CA4-4CA5-96E1-3573695B610C}
		{146AB8E1-D452-4F47-BB0A-4AB2032167B2} = {28AF47BE-0CA4-4CA5-96E1-3573695B610C}
		{30F8A7F0-58BE-450E-AB64-EBC869A25D61} = {F9553AD0-0287-4D62-A0A7-B7E60E2316A5}
	EndGlobalSection
EndGlobal
